// !$*UTF8*$!
{
	archiveVersion = 1;
	classes = {
	};
	objectVersion = 45;
	objects = {

/* Begin PBXBuildFile section */
		1711B4F21288B14D005B0066 /* NSDictionary+OAAdditions.h in Headers */ = {isa = PBXBuildFile; fileRef = 1711B4F01288B14D005B0066 /* NSDictionary+OAAdditions.h */; };
		1711B4F31288B14D005B0066 /* NSDictionary+OAAdditions.m in Sources */ = {isa = PBXBuildFile; fileRef = 1711B4F11288B14D005B0066 /* NSDictionary+OAAdditions.m */; };
		1711B5C61288D151005B0066 /* NSMutableDictionary+OAAdditions.h in Headers */ = {isa = PBXBuildFile; fileRef = 1711B5C41288D151005B0066 /* NSMutableDictionary+OAAdditions.h */; };
		1711B5C71288D151005B0066 /* NSMutableDictionary+OAAdditions.m in Sources */ = {isa = PBXBuildFile; fileRef = 1711B5C51288D151005B0066 /* NSMutableDictionary+OAAdditions.m */; };
		17130B3B12A6F5E8005379C2 /* NSArray+OAAdditions.m in Sources */ = {isa = PBXBuildFile; fileRef = 17130B2F12A6F370005379C2 /* NSArray+OAAdditions.m */; };
		17483240127F7C250073918D /* NSString+MD5.h in Headers */ = {isa = PBXBuildFile; fileRef = 1748323F127F7C250073918D /* NSString+MD5.h */; };
		17483244127F7C340073918D /* NSString+MD5.m in Sources */ = {isa = PBXBuildFile; fileRef = 17483241127F7C340073918D /* NSString+MD5.m */; };
		17483245127F7C340073918D /* NSUserDefaults+OAAdditions.h in Headers */ = {isa = PBXBuildFile; fileRef = 17483242127F7C340073918D /* NSUserDefaults+OAAdditions.h */; };
		17483246127F7C340073918D /* NSUserDefaults+OAAdditions.m in Sources */ = {isa = PBXBuildFile; fileRef = 17483243127F7C340073918D /* NSUserDefaults+OAAdditions.m */; };
		1748326B127F7F550073918D /* OANetworkActivityIndicator.h in Headers */ = {isa = PBXBuildFile; fileRef = 17483269127F7F550073918D /* OANetworkActivityIndicator.h */; };
		1748326C127F7F550073918D /* OANetworkActivityIndicator.m in Sources */ = {isa = PBXBuildFile; fileRef = 1748326A127F7F550073918D /* OANetworkActivityIndicator.m */; };
		174832FB127FF5850073918D /* UIDevice+OAAdditions.h in Headers */ = {isa = PBXBuildFile; fileRef = 174832F9127FF5850073918D /* UIDevice+OAAdditions.h */; };
		174832FC127FF5850073918D /* UIDevice+OAAdditions.m in Sources */ = {isa = PBXBuildFile; fileRef = 174832FA127FF5850073918D /* UIDevice+OAAdditions.m */; };
		1788E2921212C62000E55682 /* SynthesizeSingleton.h in Headers */ = {isa = PBXBuildFile; fileRef = 1788E28E1212C62000E55682 /* SynthesizeSingleton.h */; };
		17AC0E07129F227E0010FE39 /* NSDictionaryTests.m in Sources */ = {isa = PBXBuildFile; fileRef = 17AC0E06129F227E0010FE39 /* NSDictionaryTests.m */; };
		17AC0E1B129F29540010FE39 /* NSDictionary+OAAdditions.m in Sources */ = {isa = PBXBuildFile; fileRef = 1711B4F11288B14D005B0066 /* NSDictionary+OAAdditions.m */; };
		17AC0E94129F2A170010FE39 /* CoreGraphics.framework in Frameworks */ = {isa = PBXBuildFile; fileRef = 17AC0E93129F2A170010FE39 /* CoreGraphics.framework */; };
		17F6E8F3129498A300966E3C /* ISO8601DateFormatter.h in Headers */ = {isa = PBXBuildFile; fileRef = 17F6E8F0129498A300966E3C /* ISO8601DateFormatter.h */; };
		17F6E8F4129498A300966E3C /* ISO8601DateFormatter.m in Sources */ = {isa = PBXBuildFile; fileRef = 17F6E8F1129498A300966E3C /* ISO8601DateFormatter.m */; };
		17F6E8F7129498CD00966E3C /* NSDate+OAAdditions.h in Headers */ = {isa = PBXBuildFile; fileRef = 17F6E8F5129498CD00966E3C /* NSDate+OAAdditions.h */; };
		17F6E8F8129498CD00966E3C /* NSDate+OAAdditions.m in Sources */ = {isa = PBXBuildFile; fileRef = 17F6E8F6129498CD00966E3C /* NSDate+OAAdditions.m */; };
		3783BC401225544600FC0B1B /* MapKit.framework in Frameworks */ = {isa = PBXBuildFile; fileRef = 3783BC3F1225544600FC0B1B /* MapKit.framework */; };
		AA747D9F0F9514B9006C5449 /* ObjCAdditions_Prefix.pch in Headers */ = {isa = PBXBuildFile; fileRef = AA747D9E0F9514B9006C5449 /* ObjCAdditions_Prefix.pch */; };
		AACBBE4A0F95108600F1A2B1 /* Foundation.framework in Frameworks */ = {isa = PBXBuildFile; fileRef = AACBBE490F95108600F1A2B1 /* Foundation.framework */; };
/* End PBXBuildFile section */

/* Begin PBXFileReference section */
		1711B4F01288B14D005B0066 /* NSDictionary+OAAdditions.h */ = {isa = PBXFileReference; fileEncoding = 4; lastKnownFileType = sourcecode.c.h; path = "NSDictionary+OAAdditions.h"; sourceTree = "<group>"; };
		1711B4F11288B14D005B0066 /* NSDictionary+OAAdditions.m */ = {isa = PBXFileReference; fileEncoding = 4; lastKnownFileType = sourcecode.c.objc; path = "NSDictionary+OAAdditions.m"; sourceTree = "<group>"; };
		1711B5C41288D151005B0066 /* NSMutableDictionary+OAAdditions.h */ = {isa = PBXFileReference; fileEncoding = 4; lastKnownFileType = sourcecode.c.h; path = "NSMutableDictionary+OAAdditions.h"; sourceTree = "<group>"; };
		1711B5C51288D151005B0066 /* NSMutableDictionary+OAAdditions.m */ = {isa = PBXFileReference; fileEncoding = 4; lastKnownFileType = sourcecode.c.objc; path = "NSMutableDictionary+OAAdditions.m"; sourceTree = "<group>"; };
		17130B2E12A6F370005379C2 /* NSArray+OAAdditions.h */ = {isa = PBXFileReference; fileEncoding = 4; lastKnownFileType = sourcecode.c.h; path = "NSArray+OAAdditions.h"; sourceTree = "<group>"; };
		17130B2F12A6F370005379C2 /* NSArray+OAAdditions.m */ = {isa = PBXFileReference; fileEncoding = 4; lastKnownFileType = sourcecode.c.objc; path = "NSArray+OAAdditions.m"; sourceTree = "<group>"; };
		1748323F127F7C250073918D /* NSString+MD5.h */ = {isa = PBXFileReference; fileEncoding = 4; lastKnownFileType = sourcecode.c.h; path = "NSString+MD5.h"; sourceTree = "<group>"; };
		17483241127F7C340073918D /* NSString+MD5.m */ = {isa = PBXFileReference; fileEncoding = 4; lastKnownFileType = sourcecode.c.objc; path = "NSString+MD5.m"; sourceTree = "<group>"; };
		17483242127F7C340073918D /* NSUserDefaults+OAAdditions.h */ = {isa = PBXFileReference; fileEncoding = 4; lastKnownFileType = sourcecode.c.h; path = "NSUserDefaults+OAAdditions.h"; sourceTree = "<group>"; };
		17483243127F7C340073918D /* NSUserDefaults+OAAdditions.m */ = {isa = PBXFileReference; fileEncoding = 4; lastKnownFileType = sourcecode.c.objc; path = "NSUserDefaults+OAAdditions.m"; sourceTree = "<group>"; };
		17483269127F7F550073918D /* OANetworkActivityIndicator.h */ = {isa = PBXFileReference; fileEncoding = 4; lastKnownFileType = sourcecode.c.h; path = OANetworkActivityIndicator.h; sourceTree = "<group>"; };
		1748326A127F7F550073918D /* OANetworkActivityIndicator.m */ = {isa = PBXFileReference; fileEncoding = 4; lastKnownFileType = sourcecode.c.objc; path = OANetworkActivityIndicator.m; sourceTree = "<group>"; };
		174832F9127FF5850073918D /* UIDevice+OAAdditions.h */ = {isa = PBXFileReference; fileEncoding = 4; lastKnownFileType = sourcecode.c.h; path = "UIDevice+OAAdditions.h"; sourceTree = "<group>"; };
		174832FA127FF5850073918D /* UIDevice+OAAdditions.m */ = {isa = PBXFileReference; fileEncoding = 4; lastKnownFileType = sourcecode.c.objc; path = "UIDevice+OAAdditions.m"; sourceTree = "<group>"; };
		17507F26128DC48B00888147 /* OATableArrayController.h */ = {isa = PBXFileReference; fileEncoding = 4; lastKnownFileType = sourcecode.c.h; path = OATableArrayController.h; sourceTree = "<group>"; };
		17507F27128DC48B00888147 /* OATableArrayController.m */ = {isa = PBXFileReference; fileEncoding = 4; lastKnownFileType = sourcecode.c.objc; path = OATableArrayController.m; sourceTree = "<group>"; };
		1788E28E1212C62000E55682 /* SynthesizeSingleton.h */ = {isa = PBXFileReference; fileEncoding = 4; lastKnownFileType = sourcecode.c.h; path = SynthesizeSingleton.h; sourceTree = "<group>"; };
		17AC0DFD129F225C0010FE39 /* iOSTests.octest */ = {isa = PBXFileReference; explicitFileType = wrapper.cfbundle; includeInIndex = 0; path = iOSTests.octest; sourceTree = BUILT_PRODUCTS_DIR; };
		17AC0DFE129F225C0010FE39 /* iOSTests-Info.plist */ = {isa = PBXFileReference; lastKnownFileType = text.plist.xml; path = "iOSTests-Info.plist"; sourceTree = "<group>"; };
		17AC0E05129F227E0010FE39 /* NSDictionaryTests.h */ = {isa = PBXFileReference; fileEncoding = 4; lastKnownFileType = sourcecode.c.h; path = NSDictionaryTests.h; sourceTree = "<group>"; };
		17AC0E06129F227E0010FE39 /* NSDictionaryTests.m */ = {isa = PBXFileReference; fileEncoding = 4; lastKnownFileType = sourcecode.c.objc; path = NSDictionaryTests.m; sourceTree = "<group>"; };
		17AC0E93129F2A170010FE39 /* CoreGraphics.framework */ = {isa = PBXFileReference; lastKnownFileType = wrapper.framework; name = CoreGraphics.framework; path = System/Library/Frameworks/CoreGraphics.framework; sourceTree = SDKROOT; };
		17F6E8F0129498A300966E3C /* ISO8601DateFormatter.h */ = {isa = PBXFileReference; fileEncoding = 4; lastKnownFileType = sourcecode.c.h; name = ISO8601DateFormatter.h; path = "../../Source/Support/ISO8601-parser/ISO8601DateFormatter.h"; sourceTree = SOURCE_ROOT; };
		17F6E8F1129498A300966E3C /* ISO8601DateFormatter.m */ = {isa = PBXFileReference; fileEncoding = 4; lastKnownFileType = sourcecode.c.objc; name = ISO8601DateFormatter.m; path = "../../Source/Support/ISO8601-parser/ISO8601DateFormatter.m"; sourceTree = SOURCE_ROOT; };
		17F6E8F2129498A300966E3C /* LICENSE */ = {isa = PBXFileReference; fileEncoding = 4; lastKnownFileType = text; name = LICENSE; path = "../../Source/Support/ISO8601-parser/LICENSE"; sourceTree = SOURCE_ROOT; };
		17F6E8F5129498CD00966E3C /* NSDate+OAAdditions.h */ = {isa = PBXFileReference; fileEncoding = 4; lastKnownFileType = sourcecode.c.h; path = "NSDate+OAAdditions.h"; sourceTree = "<group>"; };
		17F6E8F6129498CD00966E3C /* NSDate+OAAdditions.m */ = {isa = PBXFileReference; fileEncoding = 4; lastKnownFileType = sourcecode.c.objc; path = "NSDate+OAAdditions.m"; sourceTree = "<group>"; };
		3783BC3F1225544600FC0B1B /* MapKit.framework */ = {isa = PBXFileReference; lastKnownFileType = wrapper.framework; name = MapKit.framework; path = System/Library/Frameworks/MapKit.framework; sourceTree = SDKROOT; };
		AA747D9E0F9514B9006C5449 /* ObjCAdditions_Prefix.pch */ = {isa = PBXFileReference; fileEncoding = 4; lastKnownFileType = sourcecode.c.h; path = ObjCAdditions_Prefix.pch; sourceTree = SOURCE_ROOT; };
		AACBBE490F95108600F1A2B1 /* Foundation.framework */ = {isa = PBXFileReference; lastKnownFileType = wrapper.framework; name = Foundation.framework; path = System/Library/Frameworks/Foundation.framework; sourceTree = SDKROOT; };
		D2AAC07E0554694100DB518D /* libobjcadd.a */ = {isa = PBXFileReference; explicitFileType = archive.ar; includeInIndex = 0; path = libobjcadd.a; sourceTree = BUILT_PRODUCTS_DIR; };
/* End PBXFileReference section */

/* Begin PBXFrameworksBuildPhase section */
		17AC0DFA129F225C0010FE39 /* Frameworks */ = {
			isa = PBXFrameworksBuildPhase;
			buildActionMask = 2147483647;
			files = (
				17AC0E94129F2A170010FE39 /* CoreGraphics.framework in Frameworks */,
			);
			runOnlyForDeploymentPostprocessing = 0;
		};
		D2AAC07C0554694100DB518D /* Frameworks */ = {
			isa = PBXFrameworksBuildPhase;
			buildActionMask = 2147483647;
			files = (
				AACBBE4A0F95108600F1A2B1 /* Foundation.framework in Frameworks */,
				3783BC401225544600FC0B1B /* MapKit.framework in Frameworks */,
			);
			runOnlyForDeploymentPostprocessing = 0;
		};
/* End PBXFrameworksBuildPhase section */

/* Begin PBXGroup section */
		034768DFFF38A50411DB9C8B /* Products */ = {
			isa = PBXGroup;
			children = (
				D2AAC07E0554694100DB518D /* libobjcadd.a */,
				17AC0DFD129F225C0010FE39 /* iOSTests.octest */,
			);
			name = Products;
			sourceTree = "<group>";
		};
		0867D691FE84028FC02AAC07 /* ObjCAdditions */ = {
			isa = PBXGroup;
			children = (
				1748323E127F7BF00073918D /* Additions */,
				1748323D127F7BC00073918D /* Macros */,
				08FB77AEFE84172EC02AAC07 /* Classes */,
				17F6E8EE129498A300966E3C /* Support */,
				17AC0E03129F227E0010FE39 /* Tests */,
				32C88DFF0371C24200C91783 /* Other Sources */,
				0867D69AFE84028FC02AAC07 /* Frameworks */,
				034768DFFF38A50411DB9C8B /* Products */,
				17AC0DFE129F225C0010FE39 /* iOSTests-Info.plist */,
			);
			name = ObjCAdditions;
			sourceTree = "<group>";
		};
		0867D69AFE84028FC02AAC07 /* Frameworks */ = {
			isa = PBXGroup;
			children = (
				AACBBE490F95108600F1A2B1 /* Foundation.framework */,
				3783BC3F1225544600FC0B1B /* MapKit.framework */,
				17AC0E93129F2A170010FE39 /* CoreGraphics.framework */,
			);
			name = Frameworks;
			sourceTree = "<group>";
		};
		08FB77AEFE84172EC02AAC07 /* Classes */ = {
			isa = PBXGroup;
			children = (
				17483269127F7F550073918D /* OANetworkActivityIndicator.h */,
				1748326A127F7F550073918D /* OANetworkActivityIndicator.m */,
				17507F26128DC48B00888147 /* OATableArrayController.h */,
				17507F27128DC48B00888147 /* OATableArrayController.m */,
			);
			name = Classes;
			path = ../../Source/Classes;
			sourceTree = SOURCE_ROOT;
		};
		1748323D127F7BC00073918D /* Macros */ = {
			isa = PBXGroup;
			children = (
				1788E28E1212C62000E55682 /* SynthesizeSingleton.h */,
			);
			name = Macros;
			path = ../../Source/Macros;
			sourceTree = "<group>";
		};
		1748323E127F7BF00073918D /* Additions */ = {
			isa = PBXGroup;
			children = (
				17130B2E12A6F370005379C2 /* NSArray+OAAdditions.h */,
				17130B2F12A6F370005379C2 /* NSArray+OAAdditions.m */,
				17F6E8F5129498CD00966E3C /* NSDate+OAAdditions.h */,
				17F6E8F6129498CD00966E3C /* NSDate+OAAdditions.m */,
				1711B4F01288B14D005B0066 /* NSDictionary+OAAdditions.h */,
				1711B4F11288B14D005B0066 /* NSDictionary+OAAdditions.m */,
				1711B5C41288D151005B0066 /* NSMutableDictionary+OAAdditions.h */,
				1711B5C51288D151005B0066 /* NSMutableDictionary+OAAdditions.m */,
				1748323F127F7C250073918D /* NSString+MD5.h */,
				17483241127F7C340073918D /* NSString+MD5.m */,
				17483242127F7C340073918D /* NSUserDefaults+OAAdditions.h */,
				17483243127F7C340073918D /* NSUserDefaults+OAAdditions.m */,
				174832F9127FF5850073918D /* UIDevice+OAAdditions.h */,
				174832FA127FF5850073918D /* UIDevice+OAAdditions.m */,
			);
			name = Additions;
			path = ../../Source/Additions;
			sourceTree = "<group>";
		};
		17AC0E03129F227E0010FE39 /* Tests */ = {
			isa = PBXGroup;
			children = (
				17AC0E04129F227E0010FE39 /* Additions */,
			);
			name = Tests;
			path = ../../Source/Tests;
			sourceTree = "<group>";
		};
		17AC0E04129F227E0010FE39 /* Additions */ = {
			isa = PBXGroup;
			children = (
				17AC0E05129F227E0010FE39 /* NSDictionaryTests.h */,
				17AC0E06129F227E0010FE39 /* NSDictionaryTests.m */,
			);
			path = Additions;
			sourceTree = "<group>";
		};
		17F6E8EE129498A300966E3C /* Support */ = {
			isa = PBXGroup;
			children = (
				17F6E8EF129498A300966E3C /* ISO8601-parser */,
			);
			name = Support;
			path = ../../Source/Support;
			sourceTree = SOURCE_ROOT;
		};
		17F6E8EF129498A300966E3C /* ISO8601-parser */ = {
			isa = PBXGroup;
			children = (
				17F6E8F0129498A300966E3C /* ISO8601DateFormatter.h */,
				17F6E8F1129498A300966E3C /* ISO8601DateFormatter.m */,
				17F6E8F2129498A300966E3C /* LICENSE */,
			);
			name = "ISO8601-parser";
			path = "../../Source/Support/ISO8601-parser";
			sourceTree = SOURCE_ROOT;
		};
		32C88DFF0371C24200C91783 /* Other Sources */ = {
			isa = PBXGroup;
			children = (
				AA747D9E0F9514B9006C5449 /* ObjCAdditions_Prefix.pch */,
			);
			name = "Other Sources";
			sourceTree = "<group>";
		};
/* End PBXGroup section */

/* Begin PBXHeadersBuildPhase section */
		D2AAC07A0554694100DB518D /* Headers */ = {
			isa = PBXHeadersBuildPhase;
			buildActionMask = 2147483647;
			files = (
				AA747D9F0F9514B9006C5449 /* ObjCAdditions_Prefix.pch in Headers */,
				1788E2921212C62000E55682 /* SynthesizeSingleton.h in Headers */,
				17483240127F7C250073918D /* NSString+MD5.h in Headers */,
				17483245127F7C340073918D /* NSUserDefaults+OAAdditions.h in Headers */,
				1748326B127F7F550073918D /* OANetworkActivityIndicator.h in Headers */,
				174832FB127FF5850073918D /* UIDevice+OAAdditions.h in Headers */,
				1711B4F21288B14D005B0066 /* NSDictionary+OAAdditions.h in Headers */,
				1711B5C61288D151005B0066 /* NSMutableDictionary+OAAdditions.h in Headers */,
				17F6E8F3129498A300966E3C /* ISO8601DateFormatter.h in Headers */,
				17F6E8F7129498CD00966E3C /* NSDate+OAAdditions.h in Headers */,
			);
			runOnlyForDeploymentPostprocessing = 0;
		};
/* End PBXHeadersBuildPhase section */

/* Begin PBXNativeTarget section */
		17AC0DFC129F225C0010FE39 /* iOSTests */ = {
			isa = PBXNativeTarget;
			buildConfigurationList = 17AC0E02129F225C0010FE39 /* Build configuration list for PBXNativeTarget "iOSTests" */;
			buildPhases = (
				17AC0DF8129F225C0010FE39 /* Resources */,
				17AC0DF9129F225C0010FE39 /* Sources */,
				17AC0DFA129F225C0010FE39 /* Frameworks */,
				17AC0DFB129F225C0010FE39 /* ShellScript */,
			);
			buildRules = (
			);
			dependencies = (
			);
			name = iOSTests;
			productName = iOSTests;
			productReference = 17AC0DFD129F225C0010FE39 /* iOSTests.octest */;
			productType = "com.apple.product-type.bundle";
		};
		D2AAC07D0554694100DB518D /* iOS */ = {
			isa = PBXNativeTarget;
			buildConfigurationList = 1DEB921E08733DC00010E9CD /* Build configuration list for PBXNativeTarget "iOS" */;
			buildPhases = (
				D2AAC07A0554694100DB518D /* Headers */,
				D2AAC07B0554694100DB518D /* Sources */,
				D2AAC07C0554694100DB518D /* Frameworks */,
			);
			buildRules = (
			);
			dependencies = (
			);
			name = iOS;
			productName = ObjCAdditions;
			productReference = D2AAC07E0554694100DB518D /* libobjcadd.a */;
			productType = "com.apple.product-type.library.static";
		};
/* End PBXNativeTarget section */

/* Begin PBXProject section */
		0867D690FE84028FC02AAC07 /* Project object */ = {
			isa = PBXProject;
			buildConfigurationList = 1DEB922208733DC00010E9CD /* Build configuration list for PBXProject "ObjCAdditions-iOS" */;
			compatibilityVersion = "Xcode 3.1";
			developmentRegion = English;
			hasScannedForEncodings = 1;
			knownRegions = (
				English,
				Japanese,
				French,
				German,
			);
			mainGroup = 0867D691FE84028FC02AAC07 /* ObjCAdditions */;
			productRefGroup = 034768DFFF38A50411DB9C8B /* Products */;
			projectDirPath = "";
			projectRoot = "";
			targets = (
				D2AAC07D0554694100DB518D /* iOS */,
				17AC0DFC129F225C0010FE39 /* iOSTests */,
			);
		};
/* End PBXProject section */

/* Begin PBXResourcesBuildPhase section */
		17AC0DF8129F225C0010FE39 /* Resources */ = {
			isa = PBXResourcesBuildPhase;
			buildActionMask = 2147483647;
			files = (
			);
			runOnlyForDeploymentPostprocessing = 0;
		};
/* End PBXResourcesBuildPhase section */

/* Begin PBXShellScriptBuildPhase section */
		17AC0DFB129F225C0010FE39 /* ShellScript */ = {
			isa = PBXShellScriptBuildPhase;
			buildActionMask = 2147483647;
			files = (
			);
			inputPaths = (
			);
			outputPaths = (
			);
			runOnlyForDeploymentPostprocessing = 0;
			shellPath = /bin/sh;
			shellScript = "# Run the unit tests in this test bundle.\n\"${SYSTEM_DEVELOPER_DIR}/Tools/RunUnitTests\"\n";
		};
/* End PBXShellScriptBuildPhase section */

/* Begin PBXSourcesBuildPhase section */
		17AC0DF9129F225C0010FE39 /* Sources */ = {
			isa = PBXSourcesBuildPhase;
			buildActionMask = 2147483647;
			files = (
				17AC0E07129F227E0010FE39 /* NSDictionaryTests.m in Sources */,
				17AC0E1B129F29540010FE39 /* NSDictionary+OAAdditions.m in Sources */,
			);
			runOnlyForDeploymentPostprocessing = 0;
		};
		D2AAC07B0554694100DB518D /* Sources */ = {
			isa = PBXSourcesBuildPhase;
			buildActionMask = 2147483647;
			files = (
				17483244127F7C340073918D /* NSString+MD5.m in Sources */,
				17483246127F7C340073918D /* NSUserDefaults+OAAdditions.m in Sources */,
				1748326C127F7F550073918D /* OANetworkActivityIndicator.m in Sources */,
				174832FC127FF5850073918D /* UIDevice+OAAdditions.m in Sources */,
				1711B4F31288B14D005B0066 /* NSDictionary+OAAdditions.m in Sources */,
				1711B5C71288D151005B0066 /* NSMutableDictionary+OAAdditions.m in Sources */,
				17F6E8F4129498A300966E3C /* ISO8601DateFormatter.m in Sources */,
				17F6E8F8129498CD00966E3C /* NSDate+OAAdditions.m in Sources */,
				17130B3B12A6F5E8005379C2 /* NSArray+OAAdditions.m in Sources */,
			);
			runOnlyForDeploymentPostprocessing = 0;
		};
/* End PBXSourcesBuildPhase section */

/* Begin XCBuildConfiguration section */
		17AC0E00129F225C0010FE39 /* Debug */ = {
			isa = XCBuildConfiguration;
			buildSettings = {
				ALWAYS_SEARCH_USER_PATHS = NO;
				"CODE_SIGN_IDENTITY[sdk=iphoneos*]" = "";
				COPY_PHASE_STRIP = NO;
				FRAMEWORK_SEARCH_PATHS = (
					"\"$(SDKROOT)/Developer/Library/Frameworks\"",
					"\"$(DEVELOPER_LIBRARY_DIR)/Frameworks\"",
				);
				GCC_DYNAMIC_NO_PIC = NO;
				GCC_ENABLE_FIX_AND_CONTINUE = NO;
				GCC_ENABLE_OBJC_EXCEPTIONS = YES;
				GCC_OPTIMIZATION_LEVEL = 0;
				INFOPLIST_FILE = "iOSTests-Info.plist";
				OTHER_LDFLAGS = (
					"-framework",
					Foundation,
					"-framework",
					SenTestingKit,
					"-framework",
					UIKit,
				);
				PREBINDING = NO;
				PRODUCT_NAME = iOSTests;
				SDKROOT = iphoneos;
				WRAPPER_EXTENSION = octest;
			};
			name = Debug;
		};
		17AC0E01129F225C0010FE39 /* Release */ = {
			isa = XCBuildConfiguration;
			buildSettings = {
				ALWAYS_SEARCH_USER_PATHS = NO;
				"CODE_SIGN_IDENTITY[sdk=iphoneos*]" = "";
				COPY_PHASE_STRIP = YES;
				DEBUG_INFORMATION_FORMAT = "dwarf-with-dsym";
				FRAMEWORK_SEARCH_PATHS = (
					"\"$(SDKROOT)/Developer/Library/Frameworks\"",
					"\"$(DEVELOPER_LIBRARY_DIR)/Frameworks\"",
				);
				GCC_ENABLE_FIX_AND_CONTINUE = NO;
				GCC_ENABLE_OBJC_EXCEPTIONS = YES;
				INFOPLIST_FILE = "iOSTests-Info.plist";
				OTHER_LDFLAGS = (
					"-framework",
					Foundation,
					"-framework",
					SenTestingKit,
					"-framework",
					UIKit,
				);
				PREBINDING = NO;
				PRODUCT_NAME = iOSTests;
				SDKROOT = iphoneos;
				WRAPPER_EXTENSION = octest;
				ZERO_LINK = NO;
			};
			name = Release;
		};
		1DEB921F08733DC00010E9CD /* Debug */ = {
			isa = XCBuildConfiguration;
			buildSettings = {
				ALWAYS_SEARCH_USER_PATHS = NO;
				ARCHS = "$(ARCHS_STANDARD_32_BIT)";
				COPY_PHASE_STRIP = NO;
				DSTROOT = /tmp/ObjCAdditions.dst;
				GCC_DYNAMIC_NO_PIC = NO;
				GCC_ENABLE_FIX_AND_CONTINUE = YES;
				GCC_MODEL_TUNING = G5;
				GCC_OPTIMIZATION_LEVEL = 0;
				GCC_PRECOMPILE_PREFIX_HEADER = YES;
				GCC_PREFIX_HEADER = ObjCAdditions_Prefix.pch;
				INSTALL_PATH = /usr/local/lib;
				PRODUCT_NAME = objcadd;
			};
			name = Debug;
		};
		1DEB922008733DC00010E9CD /* Release */ = {
			isa = XCBuildConfiguration;
			buildSettings = {
				ALWAYS_SEARCH_USER_PATHS = NO;
				ARCHS = "$(ARCHS_STANDARD_32_BIT)";
				DSTROOT = /tmp/ObjCAdditions.dst;
				GCC_MODEL_TUNING = G5;
				GCC_PRECOMPILE_PREFIX_HEADER = YES;
				GCC_PREFIX_HEADER = ObjCAdditions_Prefix.pch;
				INSTALL_PATH = /usr/local/lib;
				PRODUCT_NAME = ObjCAdditions;
			};
			name = Release;
		};
		1DEB922308733DC00010E9CD /* Debug */ = {
			isa = XCBuildConfiguration;
			buildSettings = {
				ARCHS = "$(ARCHS_STANDARD_32_BIT)";
				GCC_C_LANGUAGE_STANDARD = c99;
				GCC_OPTIMIZATION_LEVEL = 0;
				GCC_WARN_ABOUT_RETURN_TYPE = YES;
				GCC_WARN_UNUSED_VARIABLE = YES;
				OTHER_LDFLAGS = "-ObjC";
				PREBINDING = NO;
				SDKROOT = iphoneos;
			};
			name = Debug;
		};
		1DEB922408733DC00010E9CD /* Release */ = {
			isa = XCBuildConfiguration;
			buildSettings = {
				ARCHS = "$(ARCHS_STANDARD_32_BIT)";
				GCC_C_LANGUAGE_STANDARD = c99;
				GCC_WARN_ABOUT_RETURN_TYPE = YES;
				GCC_WARN_UNUSED_VARIABLE = YES;
				OTHER_LDFLAGS = "-ObjC";
				PREBINDING = NO;
				SDKROOT = iphoneos4.0;
			};
			name = Release;
		};
/* End XCBuildConfiguration section */

/* Begin XCConfigurationList section */
		17AC0E02129F225C0010FE39 /* Build configuration list for PBXNativeTarget "iOSTests" */ = {
			isa = XCConfigurationList;
			buildConfigurations = (
				17AC0E00129F225C0010FE39 /* Debug */,
				17AC0E01129F225C0010FE39 /* Release */,
			);
			defaultConfigurationIsVisible = 0;
			defaultConfigurationName = Release;
		};
		1DEB921E08733DC00010E9CD /* Build configuration list for PBXNativeTarget "iOS" */ = {
			isa = XCConfigurationList;
			buildConfigurations = (
				1DEB921F08733DC00010E9CD /* Debug */,
				1DEB922008733DC00010E9CD /* Release */,
			);
			defaultConfigurationIsVisible = 0;
			defaultConfigurationName = Release;
		};
		1DEB922208733DC00010E9CD /* Build configuration list for PBXProject "ObjCAdditions-iOS" */ = {
			isa = XCConfigurationList;
			buildConfigurations = (
				1DEB922308733DC00010E9CD /* Debug */,
				1DEB922408733DC00010E9CD /* Release */,
			);
			defaultConfigurationIsVisible = 0;
			defaultConfigurationName = Release;
		};
/* End XCConfigurationList section */
	};
	rootObject = 0867D690FE84028FC02AAC07 /* Project object */;
}
