// !$*UTF8*$!
{
	archiveVersion = 1;
	classes = {
	};
	objectVersion = 46;
	objects = {

/* Begin PBXBuildFile section */
		1711B4F31288B14D005B0066 /* NSDictionary+OAAdditions.m in Sources */ = {isa = PBXBuildFile; fileRef = 1711B4F11288B14D005B0066 /* NSDictionary+OAAdditions.m */; };
		1711B5C71288D151005B0066 /* NSMutableDictionary+OAAdditions.m in Sources */ = {isa = PBXBuildFile; fileRef = 1711B5C51288D151005B0066 /* NSMutableDictionary+OAAdditions.m */; };
		17130B3B12A6F5E8005379C2 /* NSArray+OAAdditions.m in Sources */ = {isa = PBXBuildFile; fileRef = 17130B2F12A6F370005379C2 /* NSArray+OAAdditions.m */; };
		1732CC65153DAB050058F1A1 /* NSData+OAAdditions.h in Headers */ = {isa = PBXBuildFile; fileRef = 1732CC63153DAB050058F1A1 /* NSData+OAAdditions.h */; };
		1732CC66153DAB050058F1A1 /* NSData+OAAdditions.m in Sources */ = {isa = PBXBuildFile; fileRef = 1732CC64153DAB050058F1A1 /* NSData+OAAdditions.m */; };
		1734FD6113E1FBD7007291FB /* UITableView+OAAdditions.h in Headers */ = {isa = PBXBuildFile; fileRef = 1734FD5F13E1FBD7007291FB /* UITableView+OAAdditions.h */; };
		1734FD6213E1FBD8007291FB /* UITableView+OAAdditions.m in Sources */ = {isa = PBXBuildFile; fileRef = 1734FD6013E1FBD7007291FB /* UITableView+OAAdditions.m */; };
		17382DC41336949B0079A48B /* UISearchBar+OAAdditions.h in Headers */ = {isa = PBXBuildFile; fileRef = 17382DC21336949B0079A48B /* UISearchBar+OAAdditions.h */; };
		17382DC51336949B0079A48B /* UISearchBar+OAAdditions.m in Sources */ = {isa = PBXBuildFile; fileRef = 17382DC31336949B0079A48B /* UISearchBar+OAAdditions.m */; };
		17382DC713369DAF0079A48B /* UIKit+OAAdditions.h in Headers */ = {isa = PBXBuildFile; fileRef = 17382DC613369DAE0079A48B /* UIKit+OAAdditions.h */; settings = {ATTRIBUTES = (); }; };
		17483244127F7C340073918D /* NSString+MD5.m in Sources */ = {isa = PBXBuildFile; fileRef = 17483241127F7C340073918D /* NSString+MD5.m */; };
		17483246127F7C340073918D /* NSUserDefaults+OAAdditions.m in Sources */ = {isa = PBXBuildFile; fileRef = 17483243127F7C340073918D /* NSUserDefaults+OAAdditions.m */; };
		1748326B127F7F550073918D /* OANetworkActivityIndicator.h in Headers */ = {isa = PBXBuildFile; fileRef = 17483269127F7F550073918D /* OANetworkActivityIndicator.h */; };
		1748326C127F7F550073918D /* OANetworkActivityIndicator.m in Sources */ = {isa = PBXBuildFile; fileRef = 1748326A127F7F550073918D /* OANetworkActivityIndicator.m */; };
		174832FB127FF5850073918D /* UIDevice+OAAdditions.h in Headers */ = {isa = PBXBuildFile; fileRef = 174832F9127FF5850073918D /* UIDevice+OAAdditions.h */; };
		174832FC127FF5850073918D /* UIDevice+OAAdditions.m in Sources */ = {isa = PBXBuildFile; fileRef = 174832FA127FF5850073918D /* UIDevice+OAAdditions.m */; };
		1751BC6A1A58B9B20006A57B /* CAAnimation+OAAdditions.h in Headers */ = {isa = PBXBuildFile; fileRef = 1751BC681A58B9B20006A57B /* CAAnimation+OAAdditions.h */; };
		1751BC6B1A58B9B20006A57B /* CAAnimation+OAAdditions.m in Sources */ = {isa = PBXBuildFile; fileRef = 1751BC691A58B9B20006A57B /* CAAnimation+OAAdditions.m */; };
		1751BC6F1A58BB540006A57B /* CALayer+OAAdditions.h in Headers */ = {isa = PBXBuildFile; fileRef = 1751BC6D1A58BB540006A57B /* CALayer+OAAdditions.h */; };
		1751BC701A58BB540006A57B /* CALayer+OAAdditions.m in Sources */ = {isa = PBXBuildFile; fileRef = 1751BC6E1A58BB540006A57B /* CALayer+OAAdditions.m */; };
		178B10ED13355309007B485F /* NSNull+OAAdditions.m in Sources */ = {isa = PBXBuildFile; fileRef = 178B10EB13355309007B485F /* NSNull+OAAdditions.m */; };
		179D7A4E130C8B2300E41304 /* OACalloutView.h in Headers */ = {isa = PBXBuildFile; fileRef = 179D7A4C130C8B2300E41304 /* OACalloutView.h */; };
		179D7A4F130C8B2300E41304 /* OACalloutView.m in Sources */ = {isa = PBXBuildFile; fileRef = 179D7A4D130C8B2300E41304 /* OACalloutView.m */; };
		179F5E491366366D000A1CFF /* UIScrollView+OAAdditions.h in Headers */ = {isa = PBXBuildFile; fileRef = 179F5E471366366D000A1CFF /* UIScrollView+OAAdditions.h */; };
		179F5E4A1366366D000A1CFF /* UIScrollView+OAAdditions.m in Sources */ = {isa = PBXBuildFile; fileRef = 179F5E481366366D000A1CFF /* UIScrollView+OAAdditions.m */; };
		17AC0E07129F227E0010FE39 /* NSDictionaryTests.m in Sources */ = {isa = PBXBuildFile; fileRef = 17AC0E06129F227E0010FE39 /* NSDictionaryTests.m */; };
		17AC0E1B129F29540010FE39 /* NSDictionary+OAAdditions.m in Sources */ = {isa = PBXBuildFile; fileRef = 1711B4F11288B14D005B0066 /* NSDictionary+OAAdditions.m */; };
		17AC0E94129F2A170010FE39 /* CoreGraphics.framework in Frameworks */ = {isa = PBXBuildFile; fileRef = 17AC0E93129F2A170010FE39 /* CoreGraphics.framework */; };
		17BF02631332C6830022E057 /* OAStringBundle.h in Headers */ = {isa = PBXBuildFile; fileRef = 17BF02611332C6830022E057 /* OAStringBundle.h */; settings = {ATTRIBUTES = (); }; };
		17BF02641332C6830022E057 /* OAStringBundle.m in Sources */ = {isa = PBXBuildFile; fileRef = 17BF02621332C6830022E057 /* OAStringBundle.m */; };
		17CD77F912DA327F0023B633 /* CGGeometry+OAAdditions.m in Sources */ = {isa = PBXBuildFile; fileRef = 17CD77F712DA327F0023B633 /* CGGeometry+OAAdditions.m */; };
		17CD77FA12DA327F0023B633 /* CGGeometry+OAAdditions.m in Sources */ = {isa = PBXBuildFile; fileRef = 17CD77F712DA327F0023B633 /* CGGeometry+OAAdditions.m */; };
		17CD77FF12DA337B0023B633 /* CGGeometryTests.m in Sources */ = {isa = PBXBuildFile; fileRef = 17CD77FC12DA337B0023B633 /* CGGeometryTests.m */; };
		17F6E8F3129498A300966E3C /* ISO8601DateFormatter.h in Headers */ = {isa = PBXBuildFile; fileRef = 17F6E8F0129498A300966E3C /* ISO8601DateFormatter.h */; };
		17F6E8F4129498A300966E3C /* ISO8601DateFormatter.m in Sources */ = {isa = PBXBuildFile; fileRef = 17F6E8F1129498A300966E3C /* ISO8601DateFormatter.m */; };
		17F6E8F8129498CD00966E3C /* NSDate+OAAdditions.m in Sources */ = {isa = PBXBuildFile; fileRef = 17F6E8F6129498CD00966E3C /* NSDate+OAAdditions.m */; };
		3783BC401225544600FC0B1B /* MapKit.framework in Frameworks */ = {isa = PBXBuildFile; fileRef = 3783BC3F1225544600FC0B1B /* MapKit.framework */; };
		AA747D9F0F9514B9006C5449 /* ObjCAdditions_Prefix.pch in Headers */ = {isa = PBXBuildFile; fileRef = AA747D9E0F9514B9006C5449 /* ObjCAdditions_Prefix.pch */; };
		AACBBE4A0F95108600F1A2B1 /* Foundation.framework in Frameworks */ = {isa = PBXBuildFile; fileRef = AACBBE490F95108600F1A2B1 /* Foundation.framework */; };
/* End PBXBuildFile section */

/* Begin PBXFileReference section */
		1711B4F01288B14D005B0066 /* NSDictionary+OAAdditions.h */ = {isa = PBXFileReference; fileEncoding = 4; lastKnownFileType = sourcecode.c.h; path = "NSDictionary+OAAdditions.h"; sourceTree = "<group>"; };
		1711B4F11288B14D005B0066 /* NSDictionary+OAAdditions.m */ = {isa = PBXFileReference; fileEncoding = 4; lastKnownFileType = sourcecode.c.objc; path = "NSDictionary+OAAdditions.m"; sourceTree = "<group>"; };
		1711B5C41288D151005B0066 /* NSMutableDictionary+OAAdditions.h */ = {isa = PBXFileReference; fileEncoding = 4; lastKnownFileType = sourcecode.c.h; path = "NSMutableDictionary+OAAdditions.h"; sourceTree = "<group>"; };
		1711B5C51288D151005B0066 /* NSMutableDictionary+OAAdditions.m */ = {isa = PBXFileReference; fileEncoding = 4; lastKnownFileType = sourcecode.c.objc; path = "NSMutableDictionary+OAAdditions.m"; sourceTree = "<group>"; };
		17130B2E12A6F370005379C2 /* NSArray+OAAdditions.h */ = {isa = PBXFileReference; fileEncoding = 4; lastKnownFileType = sourcecode.c.h; path = "NSArray+OAAdditions.h"; sourceTree = "<group>"; };
		17130B2F12A6F370005379C2 /* NSArray+OAAdditions.m */ = {isa = PBXFileReference; fileEncoding = 4; lastKnownFileType = sourcecode.c.objc; path = "NSArray+OAAdditions.m"; sourceTree = "<group>"; };
		1732CC63153DAB050058F1A1 /* NSData+OAAdditions.h */ = {isa = PBXFileReference; fileEncoding = 4; lastKnownFileType = sourcecode.c.h; path = "NSData+OAAdditions.h"; sourceTree = "<group>"; };
		1732CC64153DAB050058F1A1 /* NSData+OAAdditions.m */ = {isa = PBXFileReference; fileEncoding = 4; lastKnownFileType = sourcecode.c.objc; path = "NSData+OAAdditions.m"; sourceTree = "<group>"; };
		1734FD5F13E1FBD7007291FB /* UITableView+OAAdditions.h */ = {isa = PBXFileReference; fileEncoding = 4; lastKnownFileType = sourcecode.c.h; path = "UITableView+OAAdditions.h"; sourceTree = "<group>"; };
		1734FD6013E1FBD7007291FB /* UITableView+OAAdditions.m */ = {isa = PBXFileReference; fileEncoding = 4; lastKnownFileType = sourcecode.c.objc; path = "UITableView+OAAdditions.m"; sourceTree = "<group>"; };
		17382DC21336949B0079A48B /* UISearchBar+OAAdditions.h */ = {isa = PBXFileReference; fileEncoding = 4; lastKnownFileType = sourcecode.c.h; path = "UISearchBar+OAAdditions.h"; sourceTree = "<group>"; };
		17382DC31336949B0079A48B /* UISearchBar+OAAdditions.m */ = {isa = PBXFileReference; fileEncoding = 4; lastKnownFileType = sourcecode.c.objc; path = "UISearchBar+OAAdditions.m"; sourceTree = "<group>"; };
		17382DC613369DAE0079A48B /* UIKit+OAAdditions.h */ = {isa = PBXFileReference; fileEncoding = 4; lastKnownFileType = sourcecode.c.h; path = "UIKit+OAAdditions.h"; sourceTree = "<group>"; };
		1748323F127F7C250073918D /* NSString+MD5.h */ = {isa = PBXFileReference; fileEncoding = 4; lastKnownFileType = sourcecode.c.h; path = "NSString+MD5.h"; sourceTree = "<group>"; };
		17483241127F7C340073918D /* NSString+MD5.m */ = {isa = PBXFileReference; fileEncoding = 4; lastKnownFileType = sourcecode.c.objc; path = "NSString+MD5.m"; sourceTree = "<group>"; };
		17483242127F7C340073918D /* NSUserDefaults+OAAdditions.h */ = {isa = PBXFileReference; fileEncoding = 4; lastKnownFileType = sourcecode.c.h; path = "NSUserDefaults+OAAdditions.h"; sourceTree = "<group>"; };
		17483243127F7C340073918D /* NSUserDefaults+OAAdditions.m */ = {isa = PBXFileReference; fileEncoding = 4; lastKnownFileType = sourcecode.c.objc; path = "NSUserDefaults+OAAdditions.m"; sourceTree = "<group>"; };
		17483269127F7F550073918D /* OANetworkActivityIndicator.h */ = {isa = PBXFileReference; fileEncoding = 4; lastKnownFileType = sourcecode.c.h; path = OANetworkActivityIndicator.h; sourceTree = "<group>"; };
		1748326A127F7F550073918D /* OANetworkActivityIndicator.m */ = {isa = PBXFileReference; fileEncoding = 4; lastKnownFileType = sourcecode.c.objc; path = OANetworkActivityIndicator.m; sourceTree = "<group>"; };
		174832F9127FF5850073918D /* UIDevice+OAAdditions.h */ = {isa = PBXFileReference; fileEncoding = 4; lastKnownFileType = sourcecode.c.h; path = "UIDevice+OAAdditions.h"; sourceTree = "<group>"; };
		174832FA127FF5850073918D /* UIDevice+OAAdditions.m */ = {isa = PBXFileReference; fileEncoding = 4; lastKnownFileType = sourcecode.c.objc; path = "UIDevice+OAAdditions.m"; sourceTree = "<group>"; };
		1751BC681A58B9B20006A57B /* CAAnimation+OAAdditions.h */ = {isa = PBXFileReference; fileEncoding = 4; lastKnownFileType = sourcecode.c.h; path = "CAAnimation+OAAdditions.h"; sourceTree = "<group>"; };
		1751BC691A58B9B20006A57B /* CAAnimation+OAAdditions.m */ = {isa = PBXFileReference; fileEncoding = 4; lastKnownFileType = sourcecode.c.objc; path = "CAAnimation+OAAdditions.m"; sourceTree = "<group>"; };
		1751BC6D1A58BB540006A57B /* CALayer+OAAdditions.h */ = {isa = PBXFileReference; fileEncoding = 4; lastKnownFileType = sourcecode.c.h; path = "CALayer+OAAdditions.h"; sourceTree = "<group>"; };
		1751BC6E1A58BB540006A57B /* CALayer+OAAdditions.m */ = {isa = PBXFileReference; fileEncoding = 4; lastKnownFileType = sourcecode.c.objc; path = "CALayer+OAAdditions.m"; sourceTree = "<group>"; };
		1758AC5812CD2559006C4F86 /* OASoundManager.h */ = {isa = PBXFileReference; fileEncoding = 4; lastKnownFileType = sourcecode.c.h; path = OASoundManager.h; sourceTree = "<group>"; };
		1758AC5912CD2559006C4F86 /* OASoundManager.m */ = {isa = PBXFileReference; fileEncoding = 4; lastKnownFileType = sourcecode.c.objc; path = OASoundManager.m; sourceTree = "<group>"; };
		1758AC5D12CD2781006C4F86 /* OASound.h */ = {isa = PBXFileReference; fileEncoding = 4; lastKnownFileType = sourcecode.c.h; path = OASound.h; sourceTree = "<group>"; };
		1758AC5E12CD2781006C4F86 /* OASound.m */ = {isa = PBXFileReference; fileEncoding = 4; lastKnownFileType = sourcecode.c.objc; path = OASound.m; sourceTree = "<group>"; };
		1788E28E1212C62000E55682 /* SynthesizeSingleton.h */ = {isa = PBXFileReference; fileEncoding = 4; lastKnownFileType = sourcecode.c.h; path = SynthesizeSingleton.h; sourceTree = "<group>"; };
		178B10EA13355309007B485F /* NSNull+OAAdditions.h */ = {isa = PBXFileReference; fileEncoding = 4; lastKnownFileType = sourcecode.c.h; path = "NSNull+OAAdditions.h"; sourceTree = "<group>"; };
		178B10EB13355309007B485F /* NSNull+OAAdditions.m */ = {isa = PBXFileReference; fileEncoding = 4; lastKnownFileType = sourcecode.c.objc; path = "NSNull+OAAdditions.m"; sourceTree = "<group>"; };
		178B10EE133553AA007B485F /* Foundation+OAAdditions.h */ = {isa = PBXFileReference; fileEncoding = 4; lastKnownFileType = sourcecode.c.h; path = "Foundation+OAAdditions.h"; sourceTree = "<group>"; };
		179D7A4C130C8B2300E41304 /* OACalloutView.h */ = {isa = PBXFileReference; fileEncoding = 4; lastKnownFileType = sourcecode.c.h; path = OACalloutView.h; sourceTree = "<group>"; };
		179D7A4D130C8B2300E41304 /* OACalloutView.m */ = {isa = PBXFileReference; fileEncoding = 4; lastKnownFileType = sourcecode.c.objc; path = OACalloutView.m; sourceTree = "<group>"; };
		179F5E471366366D000A1CFF /* UIScrollView+OAAdditions.h */ = {isa = PBXFileReference; fileEncoding = 4; lastKnownFileType = sourcecode.c.h; path = "UIScrollView+OAAdditions.h"; sourceTree = "<group>"; };
		179F5E481366366D000A1CFF /* UIScrollView+OAAdditions.m */ = {isa = PBXFileReference; fileEncoding = 4; lastKnownFileType = sourcecode.c.objc; path = "UIScrollView+OAAdditions.m"; sourceTree = "<group>"; };
		17AC0DFD129F225C0010FE39 /* iOSTests.octest */ = {isa = PBXFileReference; explicitFileType = wrapper.cfbundle; includeInIndex = 0; path = iOSTests.octest; sourceTree = BUILT_PRODUCTS_DIR; };
		17AC0DFE129F225C0010FE39 /* iOSTests-Info.plist */ = {isa = PBXFileReference; lastKnownFileType = text.plist.xml; path = "iOSTests-Info.plist"; sourceTree = "<group>"; };
		17AC0E05129F227E0010FE39 /* NSDictionaryTests.h */ = {isa = PBXFileReference; fileEncoding = 4; lastKnownFileType = sourcecode.c.h; path = NSDictionaryTests.h; sourceTree = "<group>"; };
		17AC0E06129F227E0010FE39 /* NSDictionaryTests.m */ = {isa = PBXFileReference; fileEncoding = 4; lastKnownFileType = sourcecode.c.objc; path = NSDictionaryTests.m; sourceTree = "<group>"; };
		17AC0E93129F2A170010FE39 /* CoreGraphics.framework */ = {isa = PBXFileReference; lastKnownFileType = wrapper.framework; name = CoreGraphics.framework; path = System/Library/Frameworks/CoreGraphics.framework; sourceTree = SDKROOT; };
		17BF02611332C6830022E057 /* OAStringBundle.h */ = {isa = PBXFileReference; fileEncoding = 4; lastKnownFileType = sourcecode.c.h; path = OAStringBundle.h; sourceTree = "<group>"; };
		17BF02621332C6830022E057 /* OAStringBundle.m */ = {isa = PBXFileReference; fileEncoding = 4; lastKnownFileType = sourcecode.c.objc; path = OAStringBundle.m; sourceTree = "<group>"; };
		17CD77F612DA327F0023B633 /* CGGeometry+OAAdditions.h */ = {isa = PBXFileReference; fileEncoding = 4; lastKnownFileType = sourcecode.c.h; path = "CGGeometry+OAAdditions.h"; sourceTree = "<group>"; };
		17CD77F712DA327F0023B633 /* CGGeometry+OAAdditions.m */ = {isa = PBXFileReference; fileEncoding = 4; lastKnownFileType = sourcecode.c.objc; path = "CGGeometry+OAAdditions.m"; sourceTree = "<group>"; };
		17CD77FB12DA337B0023B633 /* CGGeometryTests.h */ = {isa = PBXFileReference; fileEncoding = 4; lastKnownFileType = sourcecode.c.h; path = CGGeometryTests.h; sourceTree = "<group>"; };
		17CD77FC12DA337B0023B633 /* CGGeometryTests.m */ = {isa = PBXFileReference; fileEncoding = 4; lastKnownFileType = sourcecode.c.objc; path = CGGeometryTests.m; sourceTree = "<group>"; };
		17F6E8F0129498A300966E3C /* ISO8601DateFormatter.h */ = {isa = PBXFileReference; fileEncoding = 4; lastKnownFileType = sourcecode.c.h; name = ISO8601DateFormatter.h; path = "../../Source/Support/ISO8601-parser/ISO8601DateFormatter.h"; sourceTree = SOURCE_ROOT; };
		17F6E8F1129498A300966E3C /* ISO8601DateFormatter.m */ = {isa = PBXFileReference; fileEncoding = 4; lastKnownFileType = sourcecode.c.objc; name = ISO8601DateFormatter.m; path = "../../Source/Support/ISO8601-parser/ISO8601DateFormatter.m"; sourceTree = SOURCE_ROOT; };
		17F6E8F2129498A300966E3C /* LICENSE */ = {isa = PBXFileReference; fileEncoding = 4; lastKnownFileType = text; name = LICENSE; path = "../../Source/Support/ISO8601-parser/LICENSE"; sourceTree = SOURCE_ROOT; };
		17F6E8F5129498CD00966E3C /* NSDate+OAAdditions.h */ = {isa = PBXFileReference; fileEncoding = 4; lastKnownFileType = sourcecode.c.h; path = "NSDate+OAAdditions.h"; sourceTree = "<group>"; };
		17F6E8F6129498CD00966E3C /* NSDate+OAAdditions.m */ = {isa = PBXFileReference; fileEncoding = 4; lastKnownFileType = sourcecode.c.objc; path = "NSDate+OAAdditions.m"; sourceTree = "<group>"; };
		3783BC3F1225544600FC0B1B /* MapKit.framework */ = {isa = PBXFileReference; lastKnownFileType = wrapper.framework; name = MapKit.framework; path = System/Library/Frameworks/MapKit.framework; sourceTree = SDKROOT; };
		AA747D9E0F9514B9006C5449 /* ObjCAdditions_Prefix.pch */ = {isa = PBXFileReference; fileEncoding = 4; lastKnownFileType = sourcecode.c.h; path = ObjCAdditions_Prefix.pch; sourceTree = SOURCE_ROOT; };
		AACBBE490F95108600F1A2B1 /* Foundation.framework */ = {isa = PBXFileReference; lastKnownFileType = wrapper.framework; name = Foundation.framework; path = System/Library/Frameworks/Foundation.framework; sourceTree = SDKROOT; };
		D2AAC07E0554694100DB518D /* libobjcadd.a */ = {isa = PBXFileReference; explicitFileType = archive.ar; includeInIndex = 0; path = libobjcadd.a; sourceTree = BUILT_PRODUCTS_DIR; };
/* End PBXFileReference section */

/* Begin PBXFrameworksBuildPhase section */
		17AC0DFA129F225C0010FE39 /* Frameworks */ = {
			isa = PBXFrameworksBuildPhase;
			buildActionMask = 2147483647;
			files = (
				17AC0E94129F2A170010FE39 /* CoreGraphics.framework in Frameworks */,
			);
			runOnlyForDeploymentPostprocessing = 0;
		};
		D2AAC07C0554694100DB518D /* Frameworks */ = {
			isa = PBXFrameworksBuildPhase;
			buildActionMask = 2147483647;
			files = (
				AACBBE4A0F95108600F1A2B1 /* Foundation.framework in Frameworks */,
				3783BC401225544600FC0B1B /* MapKit.framework in Frameworks */,
			);
			runOnlyForDeploymentPostprocessing = 0;
		};
/* End PBXFrameworksBuildPhase section */

/* Begin PBXGroup section */
		034768DFFF38A50411DB9C8B /* Products */ = {
			isa = PBXGroup;
			children = (
				D2AAC07E0554694100DB518D /* libobjcadd.a */,
				17AC0DFD129F225C0010FE39 /* iOSTests.octest */,
			);
			name = Products;
			sourceTree = "<group>";
		};
		0867D691FE84028FC02AAC07 /* ObjCAdditions */ = {
			isa = PBXGroup;
			children = (
				1748323E127F7BF00073918D /* Additions */,
				1748323D127F7BC00073918D /* Macros */,
				08FB77AEFE84172EC02AAC07 /* Classes */,
				17F6E8EE129498A300966E3C /* Support */,
				17AC0E03129F227E0010FE39 /* Tests */,
				32C88DFF0371C24200C91783 /* Other Sources */,
				0867D69AFE84028FC02AAC07 /* Frameworks */,
				034768DFFF38A50411DB9C8B /* Products */,
				17AC0DFE129F225C0010FE39 /* iOSTests-Info.plist */,
			);
			name = ObjCAdditions;
			sourceTree = "<group>";
		};
		0867D69AFE84028FC02AAC07 /* Frameworks */ = {
			isa = PBXGroup;
			children = (
				AACBBE490F95108600F1A2B1 /* Foundation.framework */,
				3783BC3F1225544600FC0B1B /* MapKit.framework */,
				17AC0E93129F2A170010FE39 /* CoreGraphics.framework */,
			);
			name = Frameworks;
			sourceTree = "<group>";
		};
		08FB77AEFE84172EC02AAC07 /* Classes */ = {
			isa = PBXGroup;
			children = (
				179D7A4B130C8AA100E41304 /* Callout View */,
				1758AC5712CD24F9006C4F86 /* Sound Manager */,
				17483269127F7F550073918D /* OANetworkActivityIndicator.h */,
				1748326A127F7F550073918D /* OANetworkActivityIndicator.m */,
				17BF02611332C6830022E057 /* OAStringBundle.h */,
				17BF02621332C6830022E057 /* OAStringBundle.m */,
			);
			name = Classes;
			path = ../../Source/Classes;
			sourceTree = SOURCE_ROOT;
		};
		1748323D127F7BC00073918D /* Macros */ = {
			isa = PBXGroup;
			children = (
				1788E28E1212C62000E55682 /* SynthesizeSingleton.h */,
			);
			name = Macros;
			path = ../../Source/Macros;
			sourceTree = "<group>";
		};
		1748323E127F7BF00073918D /* Additions */ = {
			isa = PBXGroup;
			children = (
				1751BC681A58B9B20006A57B /* CAAnimation+OAAdditions.h */,
				1751BC691A58B9B20006A57B /* CAAnimation+OAAdditions.m */,
				1751BC6D1A58BB540006A57B /* CALayer+OAAdditions.h */,
				1751BC6E1A58BB540006A57B /* CALayer+OAAdditions.m */,
				17CD77F612DA327F0023B633 /* CGGeometry+OAAdditions.h */,
				17CD77F712DA327F0023B633 /* CGGeometry+OAAdditions.m */,
				178B10EE133553AA007B485F /* Foundation+OAAdditions.h */,
				17130B2E12A6F370005379C2 /* NSArray+OAAdditions.h */,
				17130B2F12A6F370005379C2 /* NSArray+OAAdditions.m */,
				1732CC63153DAB050058F1A1 /* NSData+OAAdditions.h */,
				1732CC64153DAB050058F1A1 /* NSData+OAAdditions.m */,
				17F6E8F5129498CD00966E3C /* NSDate+OAAdditions.h */,
				17F6E8F6129498CD00966E3C /* NSDate+OAAdditions.m */,
				1711B4F01288B14D005B0066 /* NSDictionary+OAAdditions.h */,
				1711B4F11288B14D005B0066 /* NSDictionary+OAAdditions.m */,
				1711B5C41288D151005B0066 /* NSMutableDictionary+OAAdditions.h */,
				1711B5C51288D151005B0066 /* NSMutableDictionary+OAAdditions.m */,
				178B10EA13355309007B485F /* NSNull+OAAdditions.h */,
				178B10EB13355309007B485F /* NSNull+OAAdditions.m */,
				1748323F127F7C250073918D /* NSString+MD5.h */,
				17483241127F7C340073918D /* NSString+MD5.m */,
				17483242127F7C340073918D /* NSUserDefaults+OAAdditions.h */,
				17483243127F7C340073918D /* NSUserDefaults+OAAdditions.m */,
				17382DC613369DAE0079A48B /* UIKit+OAAdditions.h */,
				174832F9127FF5850073918D /* UIDevice+OAAdditions.h */,
				174832FA127FF5850073918D /* UIDevice+OAAdditions.m */,
				179F5E471366366D000A1CFF /* UIScrollView+OAAdditions.h */,
				179F5E481366366D000A1CFF /* UIScrollView+OAAdditions.m */,
				17382DC21336949B0079A48B /* UISearchBar+OAAdditions.h */,
				17382DC31336949B0079A48B /* UISearchBar+OAAdditions.m */,
				1734FD5F13E1FBD7007291FB /* UITableView+OAAdditions.h */,
				1734FD6013E1FBD7007291FB /* UITableView+OAAdditions.m */,
			);
			name = Additions;
			path = ../../Source/Additions;
			sourceTree = "<group>";
		};
		1758AC5712CD24F9006C4F86 /* Sound Manager */ = {
			isa = PBXGroup;
			children = (
				1758AC5D12CD2781006C4F86 /* OASound.h */,
				1758AC5E12CD2781006C4F86 /* OASound.m */,
				1758AC5812CD2559006C4F86 /* OASoundManager.h */,
				1758AC5912CD2559006C4F86 /* OASoundManager.m */,
			);
			path = "Sound Manager";
			sourceTree = "<group>";
		};
		179D7A4B130C8AA100E41304 /* Callout View */ = {
			isa = PBXGroup;
			children = (
				179D7A4C130C8B2300E41304 /* OACalloutView.h */,
				179D7A4D130C8B2300E41304 /* OACalloutView.m */,
			);
			path = "Callout View";
			sourceTree = "<group>";
		};
		17AC0E03129F227E0010FE39 /* Tests */ = {
			isa = PBXGroup;
			children = (
				17AC0E04129F227E0010FE39 /* Additions */,
			);
			name = Tests;
			path = ../../Source/Tests;
			sourceTree = "<group>";
		};
		17AC0E04129F227E0010FE39 /* Additions */ = {
			isa = PBXGroup;
			children = (
				17CD77FB12DA337B0023B633 /* CGGeometryTests.h */,
				17CD77FC12DA337B0023B633 /* CGGeometryTests.m */,
				17AC0E05129F227E0010FE39 /* NSDictionaryTests.h */,
				17AC0E06129F227E0010FE39 /* NSDictionaryTests.m */,
			);
			path = Additions;
			sourceTree = "<group>";
		};
		17F6E8EE129498A300966E3C /* Support */ = {
			isa = PBXGroup;
			children = (
				17F6E8EF129498A300966E3C /* ISO8601-parser */,
			);
			name = Support;
			path = ../../Source/Support;
			sourceTree = SOURCE_ROOT;
		};
		17F6E8EF129498A300966E3C /* ISO8601-parser */ = {
			isa = PBXGroup;
			children = (
				17F6E8F0129498A300966E3C /* ISO8601DateFormatter.h */,
				17F6E8F1129498A300966E3C /* ISO8601DateFormatter.m */,
				17F6E8F2129498A300966E3C /* LICENSE */,
			);
			name = "ISO8601-parser";
			path = "../../Source/Support/ISO8601-parser";
			sourceTree = SOURCE_ROOT;
		};
		32C88DFF0371C24200C91783 /* Other Sources */ = {
			isa = PBXGroup;
			children = (
				AA747D9E0F9514B9006C5449 /* ObjCAdditions_Prefix.pch */,
			);
			name = "Other Sources";
			sourceTree = "<group>";
		};
/* End PBXGroup section */

/* Begin PBXHeadersBuildPhase section */
		D2AAC07A0554694100DB518D /* Headers */ = {
			isa = PBXHeadersBuildPhase;
			buildActionMask = 2147483647;
			files = (
				17382DC713369DAF0079A48B /* UIKit+OAAdditions.h in Headers */,
				1751BC6A1A58B9B20006A57B /* CAAnimation+OAAdditions.h in Headers */,
				17BF02631332C6830022E057 /* OAStringBundle.h in Headers */,
				AA747D9F0F9514B9006C5449 /* ObjCAdditions_Prefix.pch in Headers */,
				1748326B127F7F550073918D /* OANetworkActivityIndicator.h in Headers */,
				174832FB127FF5850073918D /* UIDevice+OAAdditions.h in Headers */,
				1751BC6F1A58BB540006A57B /* CALayer+OAAdditions.h in Headers */,
				17F6E8F3129498A300966E3C /* ISO8601DateFormatter.h in Headers */,
				179D7A4E130C8B2300E41304 /* OACalloutView.h in Headers */,
				17382DC41336949B0079A48B /* UISearchBar+OAAdditions.h in Headers */,
				179F5E491366366D000A1CFF /* UIScrollView+OAAdditions.h in Headers */,
				1734FD6113E1FBD7007291FB /* UITableView+OAAdditions.h in Headers */,
				1732CC65153DAB050058F1A1 /* NSData+OAAdditions.h in Headers */,
			);
			runOnlyForDeploymentPostprocessing = 0;
		};
/* End PBXHeadersBuildPhase section */

/* Begin PBXNativeTarget section */
		17AC0DFC129F225C0010FE39 /* iOSTests */ = {
			isa = PBXNativeTarget;
			buildConfigurationList = 17AC0E02129F225C0010FE39 /* Build configuration list for PBXNativeTarget "iOSTests" */;
			buildPhases = (
				17AC0DF8129F225C0010FE39 /* Resources */,
				17AC0DF9129F225C0010FE39 /* Sources */,
				17AC0DFA129F225C0010FE39 /* Frameworks */,
				17AC0DFB129F225C0010FE39 /* ShellScript */,
			);
			buildRules = (
			);
			dependencies = (
			);
			name = iOSTests;
			productName = iOSTests;
			productReference = 17AC0DFD129F225C0010FE39 /* iOSTests.octest */;
			productType = "com.apple.product-type.bundle.ocunit-test";
		};
		D2AAC07D0554694100DB518D /* iOS */ = {
			isa = PBXNativeTarget;
			buildConfigurationList = 1DEB921E08733DC00010E9CD /* Build configuration list for PBXNativeTarget "iOS" */;
			buildPhases = (
				D2AAC07A0554694100DB518D /* Headers */,
				D2AAC07B0554694100DB518D /* Sources */,
				D2AAC07C0554694100DB518D /* Frameworks */,
			);
			buildRules = (
			);
			dependencies = (
			);
			name = iOS;
			productName = ObjCAdditions;
			productReference = D2AAC07E0554694100DB518D /* libobjcadd.a */;
			productType = "com.apple.product-type.library.static";
		};
/* End PBXNativeTarget section */

/* Begin PBXProject section */
		0867D690FE84028FC02AAC07 /* Project object */ = {
			isa = PBXProject;
			attributes = {
				LastUpgradeCheck = 0420;
			};
			buildConfigurationList = 1DEB922208733DC00010E9CD /* Build configuration list for PBXProject "ObjCAdditions-iOS" */;
			compatibilityVersion = "Xcode 3.2";
			developmentRegion = English;
			hasScannedForEncodings = 1;
			knownRegions = (
				English,
				Japanese,
				French,
				German,
			);
			mainGroup = 0867D691FE84028FC02AAC07 /* ObjCAdditions */;
			productRefGroup = 034768DFFF38A50411DB9C8B /* Products */;
			projectDirPath = "";
			projectRoot = "";
			targets = (
				D2AAC07D0554694100DB518D /* iOS */,
				17AC0DFC129F225C0010FE39 /* iOSTests */,
			);
		};
/* End PBXProject section */

/* Begin PBXResourcesBuildPhase section */
		17AC0DF8129F225C0010FE39 /* Resources */ = {
			isa = PBXResourcesBuildPhase;
			buildActionMask = 2147483647;
			files = (
			);
			runOnlyForDeploymentPostprocessing = 0;
		};
/* End PBXResourcesBuildPhase section */

/* Begin PBXShellScriptBuildPhase section */
		17AC0DFB129F225C0010FE39 /* ShellScript */ = {
			isa = PBXShellScriptBuildPhase;
			buildActionMask = 2147483647;
			files = (
			);
			inputPaths = (
			);
			outputPaths = (
			);
			runOnlyForDeploymentPostprocessing = 0;
			shellPath = /bin/sh;
			shellScript = "# Run the unit tests in this test bundle.\n\"${SYSTEM_DEVELOPER_DIR}/Tools/RunUnitTests\"\n";
		};
/* End PBXShellScriptBuildPhase section */

/* Begin PBXSourcesBuildPhase section */
		17AC0DF9129F225C0010FE39 /* Sources */ = {
			isa = PBXSourcesBuildPhase;
			buildActionMask = 2147483647;
			files = (
				17AC0E07129F227E0010FE39 /* NSDictionaryTests.m in Sources */,
				17AC0E1B129F29540010FE39 /* NSDictionary+OAAdditions.m in Sources */,
				17CD77FA12DA327F0023B633 /* CGGeometry+OAAdditions.m in Sources */,
				17CD77FF12DA337B0023B633 /* CGGeometryTests.m in Sources */,
			);
			runOnlyForDeploymentPostprocessing = 0;
		};
		D2AAC07B0554694100DB518D /* Sources */ = {
			isa = PBXSourcesBuildPhase;
			buildActionMask = 2147483647;
			files = (
				17483244127F7C340073918D /* NSString+MD5.m in Sources */,
				17483246127F7C340073918D /* NSUserDefaults+OAAdditions.m in Sources */,
				1748326C127F7F550073918D /* OANetworkActivityIndicator.m in Sources */,
				174832FC127FF5850073918D /* UIDevice+OAAdditions.m in Sources */,
				1711B4F31288B14D005B0066 /* NSDictionary+OAAdditions.m in Sources */,
				1711B5C71288D151005B0066 /* NSMutableDictionary+OAAdditions.m in Sources */,
				17F6E8F4129498A300966E3C /* ISO8601DateFormatter.m in Sources */,
				17F6E8F8129498CD00966E3C /* NSDate+OAAdditions.m in Sources */,
				17130B3B12A6F5E8005379C2 /* NSArray+OAAdditions.m in Sources */,
				17CD77F912DA327F0023B633 /* CGGeometry+OAAdditions.m in Sources */,
				1751BC6B1A58B9B20006A57B /* CAAnimation+OAAdditions.m in Sources */,
				179D7A4F130C8B2300E41304 /* OACalloutView.m in Sources */,
				17BF02641332C6830022E057 /* OAStringBundle.m in Sources */,
				1751BC701A58BB540006A57B /* CALayer+OAAdditions.m in Sources */,
				178B10ED13355309007B485F /* NSNull+OAAdditions.m in Sources */,
				17382DC51336949B0079A48B /* UISearchBar+OAAdditions.m in Sources */,
				179F5E4A1366366D000A1CFF /* UIScrollView+OAAdditions.m in Sources */,
				1734FD6213E1FBD8007291FB /* UITableView+OAAdditions.m in Sources */,
				1732CC66153DAB050058F1A1 /* NSData+OAAdditions.m in Sources */,
			);
			runOnlyForDeploymentPostprocessing = 0;
		};
/* End PBXSourcesBuildPhase section */

/* Begin XCBuildConfiguration section */
		17AC0E00129F225C0010FE39 /* Debug */ = {
			isa = XCBuildConfiguration;
			buildSettings = {
				ALWAYS_SEARCH_USER_PATHS = NO;
				"CODE_SIGN_IDENTITY[sdk=iphoneos*]" = "";
				COPY_PHASE_STRIP = NO;
				FRAMEWORK_SEARCH_PATHS = (
					"\"$(SDKROOT)/Developer/Library/Frameworks\"",
					"\"$(DEVELOPER_LIBRARY_DIR)/Frameworks\"",
				);
				GCC_DYNAMIC_NO_PIC = NO;
				GCC_ENABLE_OBJC_EXCEPTIONS = YES;
				GCC_OPTIMIZATION_LEVEL = 0;
				INFOPLIST_FILE = "iOSTests-Info.plist";
				OTHER_LDFLAGS = (
					"-framework",
					Foundation,
					"-framework",
					SenTestingKit,
					"-framework",
					UIKit,
				);
				PRODUCT_NAME = iOSTests;
				SDKROOT = iphoneos;
				WRAPPER_EXTENSION = octest;
			};
			name = Debug;
		};
		17AC0E01129F225C0010FE39 /* Release */ = {
			isa = XCBuildConfiguration;
			buildSettings = {
				ALWAYS_SEARCH_USER_PATHS = NO;
				"CODE_SIGN_IDENTITY[sdk=iphoneos*]" = "";
				COPY_PHASE_STRIP = YES;
				DEBUG_INFORMATION_FORMAT = "dwarf-with-dsym";
				FRAMEWORK_SEARCH_PATHS = (
					"\"$(SDKROOT)/Developer/Library/Frameworks\"",
					"\"$(DEVELOPER_LIBRARY_DIR)/Frameworks\"",
				);
				GCC_ENABLE_OBJC_EXCEPTIONS = YES;
				INFOPLIST_FILE = "iOSTests-Info.plist";
				OTHER_LDFLAGS = (
					"-framework",
					Foundation,
					"-framework",
					SenTestingKit,
					"-framework",
					UIKit,
				);
				PRODUCT_NAME = iOSTests;
				SDKROOT = iphoneos;
				WRAPPER_EXTENSION = octest;
				ZERO_LINK = NO;
			};
			name = Release;
		};
		1DEB921F08733DC00010E9CD /* Debug */ = {
			isa = XCBuildConfiguration;
			buildSettings = {
				ALWAYS_SEARCH_USER_PATHS = NO;
				GCC_DYNAMIC_NO_PIC = NO;
				GCC_MODEL_TUNING = G5;
				GCC_PRECOMPILE_PREFIX_HEADER = YES;
				GCC_PREFIX_HEADER = ObjCAdditions_Prefix.pch;
			};
			name = Debug;
		};
		1DEB922008733DC00010E9CD /* Release */ = {
			isa = XCBuildConfiguration;
			buildSettings = {
				ALWAYS_SEARCH_USER_PATHS = NO;
				GCC_MODEL_TUNING = G5;
				GCC_PRECOMPILE_PREFIX_HEADER = YES;
				GCC_PREFIX_HEADER = ObjCAdditions_Prefix.pch;
			};
			name = Release;
		};
		1DEB922308733DC00010E9CD /* Debug */ = {
			isa = XCBuildConfiguration;
			buildSettings = {
				ARCHS = (
					armv7,
					armv6,
				);
				COPY_PHASE_STRIP = NO;
				GCC_C_LANGUAGE_STANDARD = c99;
				GCC_OPTIMIZATION_LEVEL = 0;
				GCC_VERSION = com.apple.compilers.llvm.clang.1_0;
				GCC_WARN_ABOUT_RETURN_TYPE = YES;
				GCC_WARN_UNUSED_VARIABLE = YES;
				OTHER_LDFLAGS = "-ObjC";
				PRODUCT_NAME = objcadd;
				RUN_CLANG_STATIC_ANALYZER = YES;
				SDKROOT = iphoneos;
				SKIP_INSTALL = YES;
			};
			name = Debug;
		};
		1DEB922408733DC00010E9CD /* Release */ = {
			isa = XCBuildConfiguration;
			buildSettings = {
				ARCHS = (
					armv7,
					armv6,
				);
				GCC_C_LANGUAGE_STANDARD = c99;
				GCC_VERSION = com.apple.compilers.llvm.clang.1_0;
				GCC_WARN_ABOUT_RETURN_TYPE = YES;
				GCC_WARN_UNUSED_VARIABLE = YES;
				OTHER_LDFLAGS = "-ObjC";
				PRODUCT_NAME = objcadd;
				RUN_CLANG_STATIC_ANALYZER = YES;
				SDKROOT = iphoneos;
				SKIP_INSTALL = YES;
			};
			name = Release;
		};
/* End XCBuildConfiguration section */

/* Begin XCConfigurationList section */
		17AC0E02129F225C0010FE39 /* Build configuration list for PBXNativeTarget "iOSTests" */ = {
			isa = XCConfigurationList;
			buildConfigurations = (
				17AC0E00129F225C0010FE39 /* Debug */,
				17AC0E01129F225C0010FE39 /* Release */,
			);
			defaultConfigurationIsVisible = 0;
			defaultConfigurationName = Release;
		};
		1DEB921E08733DC00010E9CD /* Build configuration list for PBXNativeTarget "iOS" */ = {
			isa = XCConfigurationList;
			buildConfigurations = (
				1DEB921F08733DC00010E9CD /* Debug */,
				1DEB922008733DC00010E9CD /* Release */,
			);
			defaultConfigurationIsVisible = 0;
			defaultConfigurationName = Release;
		};
		1DEB922208733DC00010E9CD /* Build configuration list for PBXProject "ObjCAdditions-iOS" */ = {
			isa = XCConfigurationList;
			buildConfigurations = (
				1DEB922308733DC00010E9CD /* Debug */,
				1DEB922408733DC00010E9CD /* Release */,
			);
			defaultConfigurationIsVisible = 0;
			defaultConfigurationName = Release;
		};
/* End XCConfigurationList section */
	};
	rootObject = 0867D690FE84028FC02AAC07 /* Project object */;
}
